
Microsoft Visual Studio Solution File, Format Version 12.00
Project("{FAE04EC0-301F-11D3-BF4B-00C04F79EFBC}") = "Task10", "Task10\Task10.csproj", "{5EE2C9F4-F47F-4FA2-AF4F-ED3F8E35DE52}"
EndProject
Project("{FAE04EC0-301F-11D3-BF4B-00C04F79EFBC}") = "TestTask10", "TestTask10\TestTask10.csproj", "{5372CE69-679D-4C7B-93F0-2A29DC0B5073}"
EndProject
Global
	GlobalSection(SolutionConfigurationPlatforms) = preSolution
		Debug|Any CPU = Debug|Any CPU
		Release|Any CPU = Release|Any CPU
	EndGlobalSection
	GlobalSection(ProjectConfigurationPlatforms) = postSolution
		{5EE2C9F4-F47F-4FA2-AF4F-ED3F8E35DE52}.Debug|Any CPU.ActiveCfg = Debug|Any CPU
		{5EE2C9F4-F47F-4FA2-AF4F-ED3F8E35DE52}.Debug|Any CPU.Build.0 = Debug|Any CPU
		{5EE2C9F4-F47F-4FA2-AF4F-ED3F8E35DE52}.Release|Any CPU.ActiveCfg = Release|Any CPU
		{5EE2C9F4-F47F-4FA2-AF4F-ED3F8E35DE52}.Release|Any CPU.Build.0 = Release|Any CPU
		{5372CE69-679D-4C7B-93F0-2A29DC0B5073}.Debug|Any CPU.ActiveCfg = Debug|Any CPU
		{5372CE69-679D-4C7B-93F0-2A29DC0B5073}.Debug|Any CPU.Build.0 = Debug|Any CPU
		{5372CE69-679D-4C7B-93F0-2A29DC0B5073}.Release|Any CPU.ActiveCfg = Release|Any CPU
		{5372CE69-679D-4C7B-93F0-2A29DC0B5073}.Release|Any CPU.Build.0 = Release|Any CPU
	EndGlobalSection
EndGlobal
